{
  "name": "interpolate-object",
  "version": "1.0.0",
  "lockfileVersion": 1,
  "requires": true,
  "dependencies": {
    "interpolate-string": {
      "version": "1.0.1",
      "resolved": "https://registry.npmjs.org/interpolate-string/-/interpolate-string-1.0.1.tgz",
      "integrity": "sha512-hO7ZHqoUn13vnuAI1egwCGKM08lDYwDNVObujhmdbLifVTDVOBjiFGuRQcnrlGJjLZ12jtSjcF1KkcYwXDZjzA=="
    }
  }
}
